<?xml version="1.0" encoding="UTF-8" standalone="yes" ?>
<CodeBlocks_project_file>
	<FileVersion major="1" minor="6" />
	<Project>
		<Option title="3270 terminal widget for gtk" />
		<Option makefile_is_custom="1" />
		<Option pch_mode="2" />
		<Option compiler="gcc" />
		<Build>
			<Target title="Debug">
				<Option output=".bin/Debug/libv3270" prefix_auto="1" extension_auto="1" />
				<Option object_output=".obj/Debug/" />
				<Option type="0" />
				<Option compiler="gcc" />
				<Compiler>
					<Add option="-g" />
					<Add option="-DDEBUG=1" />
				</Compiler>
			</Target>
			<Target title="Release">
				<Option output=".bin/Release/v3270" imp_lib="$(TARGET_OUTPUT_DIR)$(TARGET_OUTPUT_BASENAME).a" def_file="$(TARGET_OUTPUT_DIR)$(TARGET_OUTPUT_BASENAME).def" prefix_auto="1" extension_auto="1" />
				<Option object_output=".obj/Release/" />
				<Option type="3" />
				<Option compiler="gcc" />
				<Compiler>
					<Add option="-O2" />
					<Add option="-DNDEBUG=1" />
				</Compiler>
				<Linker>
					<Add option="-s" />
				</Linker>
			</Target>
		</Build>
		<Compiler>
			<Add option="-Wall" />
			<Add option="-fPIC" />
			<Add option="`pkg-config --cflags gtk+-3.0 lib3270`" />
			<Add directory="src/include" />
		</Compiler>
		<Linker>
			<Add option="`pkg-config --libs gtk+-3.0 lib3270`" />
			<Add option="-fPIC" />
		</Linker>
		<Unit filename="configure.ac" />
		<Unit filename="src/dialogs/colorscheme.c">
			<Option compilerVar="CC" />
		</Unit>
		<Unit filename="src/dialogs/commondialog.c">
			<Option compilerVar="CC" />
		</Unit>
		<Unit filename="src/dialogs/dialog.c">
			<Option compilerVar="CC" />
		</Unit>
		<Unit filename="src/dialogs/font/chooser.c">
			<Option compilerVar="CC" />
		</Unit>
		<Unit filename="src/dialogs/font/model.c">
			<Option compilerVar="CC" />
		</Unit>
		<Unit filename="src/dialogs/font/select.c">
			<Option compilerVar="CC" />
		</Unit>
		<Unit filename="src/dialogs/linux/select.c">
			<Option compilerVar="CC" />
		</Unit>
		<Unit filename="src/dialogs/load.c">
			<Option compilerVar="CC" />
		</Unit>
		<Unit filename="src/dialogs/popups.c">
			<Option compilerVar="CC" />
		</Unit>
		<Unit filename="src/dialogs/print/begin.c">
			<Option compilerVar="CC" />
		</Unit>
		<Unit filename="src/dialogs/print/convenience.c">
			<Option compilerVar="CC" />
		</Unit>
		<Unit filename="src/dialogs/print/draw.c">
			<Option compilerVar="CC" />
		</Unit>
		<Unit filename="src/dialogs/print/keyfile.c">
			<Option compilerVar="CC" />
		</Unit>
		<Unit filename="src/dialogs/print/print.c">
			<Option compilerVar="CC" />
		</Unit>
		<Unit filename="src/dialogs/print/private.h" />
		<Unit filename="src/dialogs/print/settings.c">
			<Option compilerVar="CC" />
		</Unit>
		<Unit filename="src/dialogs/print/settingsdialog.c">
			<Option compilerVar="CC" />
		</Unit>
		<Unit filename="src/dialogs/private.h" />
		<Unit filename="src/dialogs/save/convenience.c">
			<Option compilerVar="CC" />
		</Unit>
		<Unit filename="src/dialogs/save/private.h" />
		<Unit filename="src/dialogs/save/save.c">
			<Option compilerVar="CC" />
		</Unit>
		<Unit filename="src/dialogs/security.c">
			<Option compilerVar="CC" />
		</Unit>
		<Unit filename="src/dialogs/settings/accelerator.c">
			<Option compilerVar="CC" />
		</Unit>
		<Unit filename="src/dialogs/settings/clipboard.c">
			<Option compilerVar="CC" />
		</Unit>
		<Unit filename="src/dialogs/settings/colors.c">
			<Option compilerVar="CC" />
		</Unit>
		<Unit filename="src/dialogs/settings/dialog.c">
			<Option compilerVar="CC" />
		</Unit>
		<Unit filename="src/dialogs/settings/host.c">
			<Option compilerVar="CC" />
		</Unit>
		<Unit filename="src/dialogs/settings/private.h" />
		<Unit filename="src/dialogs/settings/tools.c">
			<Option compilerVar="CC" />
		</Unit>
		<Unit filename="src/dialogs/settings/widget.c">
			<Option compilerVar="CC" />
		</Unit>
		<Unit filename="src/dialogs/togglebutton.c">
			<Option compilerVar="CC" />
		</Unit>
		<Unit filename="src/dialogs/tools.c">
			<Option compilerVar="CC" />
		</Unit>
		<Unit filename="src/dialogs/transfer.c">
			<Option compilerVar="CC" />
		</Unit>
		<Unit filename="src/dialogs/windows/select.c">
			<Option compilerVar="CC" />
		</Unit>
		<Unit filename="src/filetransfer/activity.c">
			<Option compilerVar="CC" />
		</Unit>
		<Unit filename="src/filetransfer/activitylist.c">
			<Option compilerVar="CC" />
		</Unit>
		<Unit filename="src/filetransfer/filelist.c">
			<Option compilerVar="CC" />
		</Unit>
		<Unit filename="src/filetransfer/get.c">
			<Option compilerVar="CC" />
		</Unit>
		<Unit filename="src/filetransfer/load.c">
			<Option compilerVar="CC" />
		</Unit>
		<Unit filename="src/filetransfer/marshal.h" />
		<Unit filename="src/filetransfer/misc.c">
			<Option compilerVar="CC" />
		</Unit>
		<Unit filename="src/filetransfer/private.h" />
		<Unit filename="src/filetransfer/save.c">
			<Option compilerVar="CC" />
		</Unit>
		<Unit filename="src/filetransfer/set.c">
			<Option compilerVar="CC" />
		</Unit>
		<Unit filename="src/filetransfer/settings.c">
			<Option compilerVar="CC" />
		</Unit>
		<Unit filename="src/filetransfer/tables.c">
			<Option compilerVar="CC" />
		</Unit>
		<Unit filename="src/filetransfer/transfer.c">
			<Option compilerVar="CC" />
		</Unit>
		<Unit filename="src/filetransfer/v3270ft.c">
			<Option compilerVar="CC" />
		</Unit>
		<Unit filename="src/filetransfer/v3270ftprogress.c">
			<Option compilerVar="CC" />
		</Unit>
		<Unit filename="src/filetransfer/worker.c">
			<Option compilerVar="CC" />
		</Unit>
		<Unit filename="src/include/clipboard.h" />
		<Unit filename="src/include/config.h.in" />
		<Unit filename="src/include/hostselect.h" />
		<Unit filename="src/include/internals.h" />
		<Unit filename="src/include/save.h" />
		<Unit filename="src/include/terminal.h" />
		<Unit filename="src/include/v3270.h" />
		<Unit filename="src/include/v3270/accessible.h" />
		<Unit filename="src/include/v3270/actions.h" />
		<Unit filename="src/include/v3270/colorscheme.h" />
		<Unit filename="src/include/v3270/dialogs.h" />
		<Unit filename="src/include/v3270/filetransfer.h" />
		<Unit filename="src/include/v3270/ftprogress.h" />
		<Unit filename="src/include/v3270/print.h" />
		<Unit filename="src/include/v3270/security.h" />
		<Unit filename="src/include/v3270/selection.h" />
		<Unit filename="src/include/v3270/settings.h" />
		<Unit filename="src/include/v3270/toggle.h" />
		<Unit filename="src/include/v3270/trace.h" />
		<Unit filename="src/selection/copy.c">
			<Option compilerVar="CC" />
		</Unit>
		<Unit filename="src/selection/datablock.c">
			<Option compilerVar="CC" />
		</Unit>
		<Unit filename="src/selection/get.c">
			<Option compilerVar="CC" />
		</Unit>
		<Unit filename="src/selection/html.c">
			<Option compilerVar="CC" />
		</Unit>
		<Unit filename="src/selection/linux/copy.c">
			<Option compilerVar="CC" />
		</Unit>
		<Unit filename="src/selection/linux/paste.c">
			<Option compilerVar="CC" />
		</Unit>
		<Unit filename="src/selection/pixbuf.c">
			<Option compilerVar="CC" />
		</Unit>
		<Unit filename="src/selection/selection.c">
			<Option compilerVar="CC" />
		</Unit>
		<Unit filename="src/selection/table.c">
			<Option compilerVar="CC" />
		</Unit>
		<Unit filename="src/selection/text.c">
			<Option compilerVar="CC" />
		</Unit>
		<Unit filename="src/selection/windows/copy.c">
			<Option compilerVar="CC" />
		</Unit>
		<Unit filename="src/selection/windows/paste.c">
			<Option compilerVar="CC" />
		</Unit>
		<Unit filename="src/terminal/accessible.c">
			<Option compilerVar="CC" />
		</Unit>
		<Unit filename="src/terminal/actions.c">
			<Option compilerVar="CC" />
		</Unit>
		<Unit filename="src/terminal/actions/action.c">
			<Option compilerVar="CC" />
		</Unit>
		<Unit filename="src/terminal/actions/clipboard.c">
			<Option compilerVar="CC" />
		</Unit>
		<Unit filename="src/terminal/actions/conditional.c">
			<Option compilerVar="CC" />
		</Unit>
		<Unit filename="src/terminal/actions/dialog.c">
			<Option compilerVar="CC" />
		</Unit>
		<Unit filename="src/terminal/actions/internal.c">
			<Option compilerVar="CC" />
		</Unit>
		<Unit filename="src/terminal/actions/lib3270.c">
			<Option compilerVar="CC" />
		</Unit>
		<Unit filename="src/terminal/actions/pakey.c">
			<Option compilerVar="CC" />
		</Unit>
		<Unit filename="src/terminal/actions/pfkey.c">
			<Option compilerVar="CC" />
		</Unit>
		<Unit filename="src/terminal/actions/print.c">
			<Option compilerVar="CC" />
		</Unit>
		<Unit filename="src/terminal/actions/private.h" />
		<Unit filename="src/terminal/actions/property.c">
			<Option compilerVar="CC" />
		</Unit>
		<Unit filename="src/terminal/actions/save.c">
			<Option compilerVar="CC" />
		</Unit>
		<Unit filename="src/terminal/actions/scroll.c">
			<Option compilerVar="CC" />
		</Unit>
		<Unit filename="src/terminal/actions/simple.c">
			<Option compilerVar="CC" />
		</Unit>
		<Unit filename="src/terminal/actions/table.c">
			<Option compilerVar="CC" />
		</Unit>
		<Unit filename="src/terminal/actions/toggle.c">
			<Option compilerVar="CC" />
		</Unit>
		<Unit filename="src/terminal/actions/zoom.c">
			<Option compilerVar="CC" />
		</Unit>
		<Unit filename="src/terminal/blink.c">
			<Option compilerVar="CC" />
		</Unit>
		<Unit filename="src/terminal/callbacks.c">
			<Option compilerVar="CC" />
		</Unit>
		<Unit filename="src/terminal/charset.c">
			<Option compilerVar="CC" />
		</Unit>
		<Unit filename="src/terminal/colors.c">
			<Option compilerVar="CC" />
		</Unit>
		<Unit filename="src/terminal/drawing/draw.c">
			<Option compilerVar="CC" />
		</Unit>
		<Unit filename="src/terminal/drawing/oia.c">
			<Option compilerVar="CC" />
		</Unit>
		<Unit filename="src/terminal/drawing/surface.c">
			<Option compilerVar="CC" />
		</Unit>
		<Unit filename="src/terminal/font/actions.c">
			<Option compilerVar="CC" />
		</Unit>
		<Unit filename="src/terminal/font/compute.c">
			<Option compilerVar="CC" />
		</Unit>
		<Unit filename="src/terminal/font/info.c">
			<Option compilerVar="CC" />
		</Unit>
		<Unit filename="src/terminal/font/metrics.c">
			<Option compilerVar="CC" />
		</Unit>
		<Unit filename="src/terminal/font/private.h" />
		<Unit filename="src/terminal/font/properties.c">
			<Option compilerVar="CC" />
		</Unit>
		<Unit filename="src/terminal/font/translate.c">
			<Option compilerVar="CC" />
		</Unit>
		<Unit filename="src/terminal/get.c">
			<Option compilerVar="CC" />
		</Unit>
		<Unit filename="src/terminal/iocallback.c">
			<Option compilerVar="CC" />
		</Unit>
		<Unit filename="src/terminal/keyboard.c">
			<Option compilerVar="CC" />
		</Unit>
		<Unit filename="src/terminal/keyboard/accelerator.c">
			<Option compilerVar="CC" />
		</Unit>
		<Unit filename="src/terminal/keyboard/init.c">
			<Option compilerVar="CC" />
		</Unit>
		<Unit filename="src/terminal/keyboard/keyfile.c">
			<Option compilerVar="CC" />
		</Unit>
		<Unit filename="src/terminal/keyboard/map.c">
			<Option compilerVar="CC" />
		</Unit>
		<Unit filename="src/terminal/keyboard/private.h" />
		<Unit filename="src/terminal/keyfile.c">
			<Option compilerVar="CC" />
		</Unit>
		<Unit filename="src/terminal/linux/init.c">
			<Option compilerVar="CC" />
		</Unit>
		<Unit filename="src/terminal/linux/iosource.c">
			<Option compilerVar="CC" />
		</Unit>
		<Unit filename="src/terminal/marshal" />
		<Unit filename="src/terminal/marshal.h" />
		<Unit filename="src/terminal/mouse.c">
			<Option compilerVar="CC" />
		</Unit>
		<Unit filename="src/terminal/properties/get.c">
			<Option compilerVar="CC" />
		</Unit>
		<Unit filename="src/terminal/properties/init.c">
			<Option compilerVar="CC" />
		</Unit>
		<Unit filename="src/terminal/properties/private.h" />
		<Unit filename="src/terminal/properties/set.c">
			<Option compilerVar="CC" />
		</Unit>
		<Unit filename="src/terminal/security.c">
			<Option compilerVar="CC" />
		</Unit>
		<Unit filename="src/terminal/toggles.c">
			<Option compilerVar="CC" />
		</Unit>
		<Unit filename="src/terminal/widget.c">
			<Option compilerVar="CC" />
		</Unit>
		<Unit filename="src/terminal/windows/init.c">
			<Option compilerVar="CC" />
		</Unit>
		<Unit filename="src/terminal/windows/iosource.c">
			<Option compilerVar="CC" />
		</Unit>
		<Unit filename="src/terminal/windows/registry.c">
			<Option compilerVar="CC" />
		</Unit>
		<Unit filename="src/terminal/windows/resources.rc">
			<Option compilerVar="WINDRES" />
		</Unit>
		<Unit filename="src/testprogram/private.h" />
		<Unit filename="src/testprogram/testprogram.c">
			<Option compilerVar="CC" />
		</Unit>
		<Unit filename="src/testprogram/toolbar.c">
			<Option compilerVar="CC" />
		</Unit>
		<Unit filename="src/trace/exec.c">
			<Option compilerVar="CC" />
		</Unit>
		<Unit filename="src/trace/private.h" />
		<Unit filename="src/trace/property.c">
			<Option compilerVar="CC" />
		</Unit>
		<Unit filename="src/trace/text.c">
			<Option compilerVar="CC" />
		</Unit>
		<Unit filename="src/trace/trace.c">
			<Option compilerVar="CC" />
		</Unit>
		<Unit filename="src/trace/tracewindow.c">
			<Option compilerVar="CC" />
		</Unit>
		<Extensions>
			<lib_finder disable_auto="1" />
		</Extensions>
	</Project>
</CodeBlocks_project_file>
